
Microsoft Visual Studio Solution File, Format Version 12.00
Project("{FAE04EC0-301F-11D3-BF4B-00C04F79EFBC}") = "MessengerBackend", "MessengerBackend\MessengerBackend.csproj", "{289E3FF2-4D76-4426-9185-A521B8D166DE}"
EndProject
Project("{FAE04EC0-301F-11D3-BF4B-00C04F79EFBC}") = "MessengerBackend.Core", "MessengerBackend.Core\MessengerBackend.Core.csproj", "{C4AFA897-7A64-4B88-B77E-E800699B41E5}"
EndProject
Project("{FAE04EC0-301F-11D3-BF4B-00C04F79EFBC}") = "MessengerBackend.Storage", "MessengerBackend.Storage\MessengerBackend.Storage.csproj", "{09DA5D04-C7EB-447D-A3F8-81CB626A87D3}"
EndProject
Project("{FAE04EC0-301F-11D3-BF4B-00C04F79EFBC}") = "MessengerBackend.Tests", "MessengerBackend.Tests\MessengerBackend.Tests.csproj", "{015AA2CD-DAF9-4AB9-95C7-A4CB7336AB46}"
EndProject
Global
	GlobalSection(SolutionConfigurationPlatforms) = preSolution
		Debug|Any CPU = Debug|Any CPU
		Release|Any CPU = Release|Any CPU
	EndGlobalSection
	GlobalSection(ProjectConfigurationPlatforms) = postSolution
		{289E3FF2-4D76-4426-9185-A521B8D166DE}.Debug|Any CPU.ActiveCfg = Debug|Any CPU
		{289E3FF2-4D76-4426-9185-A521B8D166DE}.Debug|Any CPU.Build.0 = Debug|Any CPU
		{289E3FF2-4D76-4426-9185-A521B8D166DE}.Release|Any CPU.ActiveCfg = Release|Any CPU
		{289E3FF2-4D76-4426-9185-A521B8D166DE}.Release|Any CPU.Build.0 = Release|Any CPU
		{C4AFA897-7A64-4B88-B77E-E800699B41E5}.Debug|Any CPU.ActiveCfg = Debug|Any CPU
		{C4AFA897-7A64-4B88-B77E-E800699B41E5}.Debug|Any CPU.Build.0 = Debug|Any CPU
		{C4AFA897-7A64-4B88-B77E-E800699B41E5}.Release|Any CPU.ActiveCfg = Release|Any CPU
		{C4AFA897-7A64-4B88-B77E-E800699B41E5}.Release|Any CPU.Build.0 = Release|Any CPU
		{09DA5D04-C7EB-447D-A3F8-81CB626A87D3}.Debug|Any CPU.ActiveCfg = Debug|Any CPU
		{09DA5D04-C7EB-447D-A3F8-81CB626A87D3}.Debug|Any CPU.Build.0 = Debug|Any CPU
		{09DA5D04-C7EB-447D-A3F8-81CB626A87D3}.Release|Any CPU.ActiveCfg = Release|Any CPU
		{09DA5D04-C7EB-447D-A3F8-81CB626A87D3}.Release|Any CPU.Build.0 = Release|Any CPU
		{015AA2CD-DAF9-4AB9-95C7-A4CB7336AB46}.Debug|Any CPU.ActiveCfg = Debug|Any CPU
		{015AA2CD-DAF9-4AB9-95C7-A4CB7336AB46}.Debug|Any CPU.Build.0 = Debug|Any CPU
		{015AA2CD-DAF9-4AB9-95C7-A4CB7336AB46}.Release|Any CPU.ActiveCfg = Release|Any CPU
		{015AA2CD-DAF9-4AB9-95C7-A4CB7336AB46}.Release|Any CPU.Build.0 = Release|Any CPU
	EndGlobalSection
EndGlobal
